
Microsoft Visual Studio Solution File, Format Version 12.00
# Visual Studio Version 18
VisualStudioVersion = 18.5.11709.299
MinimumVisualStudioVersion = 10.0.40219.1
Project("{FAE04EC0-301F-11D3-BF4B-00C04F79EFBC}") = "RichTextExtended.Tests", "RichTextExtended.Tests\RichTextExtended.Tests.csproj", "{4308A69E-3DAF-4F96-BBDD-CB5772269F51}"
EndProject
Project("{FAE04EC0-301F-11D3-BF4B-00C04F79EFBC}") = "RichTextExtended", "RichTextExtended\RichTextExtended.csproj", "{6115F015-E0E7-3035-597A-6C6B1EAF4FF9}"
EndProject
Project("{FAE04EC0-301F-11D3-BF4B-00C04F79EFBC}") = "RichTextExtended.Sample.OpenGL", "RichTextExtended.Sample.OpenGL\RichTextExtended.Sample.OpenGL.csproj", "{44F958F3-F04F-8CD8-04DD-4A0ADB10A437}"
EndProject
Global
	GlobalSection(SolutionConfigurationPlatforms) = preSolution
		Debug|Any CPU = Debug|Any CPU
		Release|Any CPU = Release|Any CPU
	EndGlobalSection
	GlobalSection(ProjectConfigurationPlatforms) = postSolution
		{4308A69E-3DAF-4F96-BBDD-CB5772269F51}.Debug|Any CPU.ActiveCfg = Debug|Any CPU
		{4308A69E-3DAF-4F96-BBDD-CB5772269F51}.Debug|Any CPU.Build.0 = Debug|Any CPU
		{4308A69E-3DAF-4F96-BBDD-CB5772269F51}.Release|Any CPU.ActiveCfg = Release|Any CPU
		{4308A69E-3DAF-4F96-BBDD-CB5772269F51}.Release|Any CPU.Build.0 = Release|Any CPU
		{6115F015-E0E7-3035-597A-6C6B1EAF4FF9}.Debug|Any CPU.ActiveCfg = Debug|Any CPU
		{6115F015-E0E7-3035-597A-6C6B1EAF4FF9}.Debug|Any CPU.Build.0 = Debug|Any CPU
		{6115F015-E0E7-3035-597A-6C6B1EAF4FF9}.Release|Any CPU.ActiveCfg = Release|Any CPU
		{6115F015-E0E7-3035-597A-6C6B1EAF4FF9}.Release|Any CPU.Build.0 = Release|Any CPU
		{44F958F3-F04F-8CD8-04DD-4A0ADB10A437}.Debug|Any CPU.ActiveCfg = Debug|Any CPU
		{44F958F3-F04F-8CD8-04DD-4A0ADB10A437}.Debug|Any CPU.Build.0 = Debug|Any CPU
		{44F958F3-F04F-8CD8-04DD-4A0ADB10A437}.Release|Any CPU.ActiveCfg = Release|Any CPU
		{44F958F3-F04F-8CD8-04DD-4A0ADB10A437}.Release|Any CPU.Build.0 = Release|Any CPU
	EndGlobalSection
	GlobalSection(SolutionProperties) = preSolution
		HideSolutionNode = FALSE
	EndGlobalSection
	GlobalSection(ExtensibilityGlobals) = postSolution
		SolutionGuid = {0D9C3373-6AB0-4007-B1D1-799C11CE4640}
	EndGlobalSection
EndGlobal
